
Microsoft Visual Studio Solution File, Format Version 12.00
# Visual Studio Version 17
VisualStudioVersion = 17.1.32421.90
MinimumVisualStudioVersion = 10.0.40219.1
Project("{FAE04EC0-301F-11D3-BF4B-00C04F79EFBC}") = "SpaceShuttle", "SpaceShuttle\SpaceShuttle.csproj", "{8082AE2B-58B9-4DDA-9A26-033057C864CC}"
EndProject
Global
	GlobalSection(SolutionConfigurationPlatforms) = preSolution
		Debug|Any CPU = Debug|Any CPU
		Release|Any CPU = Release|Any CPU
	EndGlobalSection
	GlobalSection(ProjectConfigurationPlatforms) = postSolution
		{8082AE2B-58B9-4DDA-9A26-033057C864CC}.Debug|Any CPU.ActiveCfg = Debug|Any CPU
		{8082AE2B-58B9-4DDA-9A26-033057C864CC}.Debug|Any CPU.Build.0 = Debug|Any CPU
		{8082AE2B-58B9-4DDA-9A26-033057C864CC}.Release|Any CPU.ActiveCfg = Release|Any CPU
		{8082AE2B-58B9-4DDA-9A26-033057C864CC}.Release|Any CPU.Build.0 = Release|Any CPU
	EndGlobalSection
	GlobalSection(SolutionProperties) = preSolution
		HideSolutionNode = FALSE
	EndGlobalSection
	GlobalSection(ExtensibilityGlobals) = postSolution
		SolutionGuid = {0D49EE7F-9479-43F9-9EBF-1C13EED6778F}
	EndGlobalSection
EndGlobal
